
Microsoft Visual Studio Solution File, Format Version 12.00
# Visual Studio Version 17
VisualStudioVersion = 17.0.31903.59
MinimumVisualStudioVersion = 10.0.40219.1
Project("{2150E333-8FDC-42A3-9474-1A3956D46DE8}") = "src", "src", "{A1B2C3D4-0001-0000-0000-000000000001}"
EndProject
Project("{2150E333-8FDC-42A3-9474-1A3956D46DE8}") = "tests", "tests", "{A1B2C3D4-0002-0000-0000-000000000001}"
EndProject
Project("{FAE04EC0-301F-11D3-BF4B-00C04F79EFBC}") = "StationApp.Domain", "src\StationApp.Domain\StationApp.Domain.csproj", "{B1000001-0000-0000-0000-000000000001}"
EndProject
Project("{FAE04EC0-301F-11D3-BF4B-00C04F79EFBC}") = "StationApp.Application", "src\StationApp.Application\StationApp.Application.csproj", "{B1000002-0000-0000-0000-000000000001}"
EndProject
Project("{FAE04EC0-301F-11D3-BF4B-00C04F79EFBC}") = "StationApp.Infrastructure", "src\StationApp.Infrastructure\StationApp.Infrastructure.csproj", "{B1000003-0000-0000-0000-000000000001}"
EndProject
Project("{FAE04EC0-301F-11D3-BF4B-00C04F79EFBC}") = "StationApp.Device", "src\StationApp.Device\StationApp.Device.csproj", "{B1000004-0000-0000-0000-000000000001}"
EndProject
Project("{FAE04EC0-301F-11D3-BF4B-00C04F79EFBC}") = "StationApp.Sync", "src\StationApp.Sync\StationApp.Sync.csproj", "{B1000005-0000-0000-0000-000000000001}"
EndProject
Project("{FAE04EC0-301F-11D3-BF4B-00C04F79EFBC}") = "StationApp.Contracts", "src\StationApp.Contracts\StationApp.Contracts.csproj", "{B1000006-0000-0000-0000-000000000001}"
EndProject
Project("{FAE04EC0-301F-11D3-BF4B-00C04F79EFBC}") = "StationApp.UI", "src\StationApp.UI\StationApp.UI.csproj", "{B1000007-0000-0000-0000-000000000001}"
EndProject
Project("{FAE04EC0-301F-11D3-BF4B-00C04F79EFBC}") = "StationApp.Domain.Tests", "tests\StationApp.Domain.Tests\StationApp.Domain.Tests.csproj", "{C1000001-0000-0000-0000-000000000001}"
EndProject
Project("{FAE04EC0-301F-11D3-BF4B-00C04F79EFBC}") = "StationApp.Application.Tests", "tests\StationApp.Application.Tests\StationApp.Application.Tests.csproj", "{C1000002-0000-0000-0000-000000000001}"
EndProject
Project("{FAE04EC0-301F-11D3-BF4B-00C04F79EFBC}") = "StationApp.Device.Tests", "tests\StationApp.Device.Tests\StationApp.Device.Tests.csproj", "{C1000003-0000-0000-0000-000000000001}"
EndProject
Project("{FAE04EC0-301F-11D3-BF4B-00C04F79EFBC}") = "StationApp.Sync.Tests", "tests\StationApp.Sync.Tests\StationApp.Sync.Tests.csproj", "{C1000004-0000-0000-0000-000000000001}"
EndProject
Project("{FAE04EC0-301F-11D3-BF4B-00C04F79EFBC}") = "StationApp.IntegrationTests", "tests\StationApp.IntegrationTests\StationApp.IntegrationTests.csproj", "{AF0A6C90-8247-4D6B-AD77-93CDF772DB90}"
EndProject
Project("{FAE04EC0-301F-11D3-BF4B-00C04F79EFBC}") = "StationApp.DbMigrator", "src\StationApp.DbMigrator\StationApp.DbMigrator.csproj", "{9C28B61B-1346-4AF2-B6FE-A217CE3258BF}"
EndProject
Project("{FAE04EC0-301F-11D3-BF4B-00C04F79EFBC}") = "StationApp.Updater", "src\StationApp.Updater\StationApp.Updater.csproj", "{56A8906A-23D5-455B-BFCB-086B964CF6DB}"
EndProject
Project("{FAE04EC0-301F-11D3-BF4B-00C04F79EFBC}") = "StationApp.CentralApi", "src\StationApp.CentralApi\StationApp.CentralApi.csproj", "{D1E8A9F0-3D4E-4A10-B6AA-2B3C44F5AA01}"
EndProject
Global
	GlobalSection(SolutionConfigurationPlatforms) = preSolution
		Debug|Any CPU = Debug|Any CPU
		Release|Any CPU = Release|Any CPU
	EndGlobalSection
	GlobalSection(ProjectConfigurationPlatforms) = postSolution
		{B1000001-0000-0000-0000-000000000001}.Debug|Any CPU.ActiveCfg = Debug|Any CPU
		{B1000001-0000-0000-0000-000000000001}.Debug|Any CPU.Build.0 = Debug|Any CPU
		{B1000001-0000-0000-0000-000000000001}.Release|Any CPU.ActiveCfg = Release|Any CPU
		{B1000001-0000-0000-0000-000000000001}.Release|Any CPU.Build.0 = Release|Any CPU
		{B1000002-0000-0000-0000-000000000001}.Debug|Any CPU.ActiveCfg = Debug|Any CPU
		{B1000002-0000-0000-0000-000000000001}.Debug|Any CPU.Build.0 = Debug|Any CPU
		{B1000002-0000-0000-0000-000000000001}.Release|Any CPU.ActiveCfg = Release|Any CPU
		{B1000002-0000-0000-0000-000000000001}.Release|Any CPU.Build.0 = Release|Any CPU
		{B1000003-0000-0000-0000-000000000001}.Debug|Any CPU.ActiveCfg = Debug|Any CPU
		{B1000003-0000-0000-0000-000000000001}.Debug|Any CPU.Build.0 = Debug|Any CPU
		{B1000003-0000-0000-0000-000000000001}.Release|Any CPU.ActiveCfg = Release|Any CPU
		{B1000003-0000-0000-0000-000000000001}.Release|Any CPU.Build.0 = Release|Any CPU
		{B1000004-0000-0000-0000-000000000001}.Debug|Any CPU.ActiveCfg = Debug|Any CPU
		{B1000004-0000-0000-0000-000000000001}.Debug|Any CPU.Build.0 = Debug|Any CPU
		{B1000004-0000-0000-0000-000000000001}.Release|Any CPU.ActiveCfg = Release|Any CPU
		{B1000004-0000-0000-0000-000000000001}.Release|Any CPU.Build.0 = Release|Any CPU
		{B1000005-0000-0000-0000-000000000001}.Debug|Any CPU.ActiveCfg = Debug|Any CPU
		{B1000005-0000-0000-0000-000000000001}.Debug|Any CPU.Build.0 = Debug|Any CPU
		{B1000005-0000-0000-0000-000000000001}.Release|Any CPU.ActiveCfg = Release|Any CPU
		{B1000005-0000-0000-0000-000000000001}.Release|Any CPU.Build.0 = Release|Any CPU
		{B1000006-0000-0000-0000-000000000001}.Debug|Any CPU.ActiveCfg = Debug|Any CPU
		{B1000006-0000-0000-0000-000000000001}.Debug|Any CPU.Build.0 = Debug|Any CPU
		{B1000006-0000-0000-0000-000000000001}.Release|Any CPU.ActiveCfg = Release|Any CPU
		{B1000006-0000-0000-0000-000000000001}.Release|Any CPU.Build.0 = Release|Any CPU
		{B1000007-0000-0000-0000-000000000001}.Debug|Any CPU.ActiveCfg = Debug|Any CPU
		{B1000007-0000-0000-0000-000000000001}.Debug|Any CPU.Build.0 = Debug|Any CPU
		{B1000007-0000-0000-0000-000000000001}.Release|Any CPU.ActiveCfg = Release|Any CPU
		{B1000007-0000-0000-0000-000000000001}.Release|Any CPU.Build.0 = Release|Any CPU
		{C1000001-0000-0000-0000-000000000001}.Debug|Any CPU.ActiveCfg = Debug|Any CPU
		{C1000001-0000-0000-0000-000000000001}.Debug|Any CPU.Build.0 = Debug|Any CPU
		{C1000001-0000-0000-0000-000000000001}.Release|Any CPU.ActiveCfg = Release|Any CPU
		{C1000001-0000-0000-0000-000000000001}.Release|Any CPU.Build.0 = Release|Any CPU
		{C1000002-0000-0000-0000-000000000001}.Debug|Any CPU.ActiveCfg = Debug|Any CPU
		{C1000002-0000-0000-0000-000000000001}.Debug|Any CPU.Build.0 = Debug|Any CPU
		{C1000002-0000-0000-0000-000000000001}.Release|Any CPU.ActiveCfg = Release|Any CPU
		{C1000002-0000-0000-0000-000000000001}.Release|Any CPU.Build.0 = Release|Any CPU
		{C1000003-0000-0000-0000-000000000001}.Debug|Any CPU.ActiveCfg = Debug|Any CPU
		{C1000003-0000-0000-0000-000000000001}.Debug|Any CPU.Build.0 = Debug|Any CPU
		{C1000003-0000-0000-0000-000000000001}.Release|Any CPU.ActiveCfg = Release|Any CPU
		{C1000003-0000-0000-0000-000000000001}.Release|Any CPU.Build.0 = Release|Any CPU
		{C1000004-0000-0000-0000-000000000001}.Debug|Any CPU.ActiveCfg = Debug|Any CPU
		{C1000004-0000-0000-0000-000000000001}.Debug|Any CPU.Build.0 = Debug|Any CPU
		{C1000004-0000-0000-0000-000000000001}.Release|Any CPU.ActiveCfg = Release|Any CPU
		{C1000004-0000-0000-0000-000000000001}.Release|Any CPU.Build.0 = Release|Any CPU
		{AF0A6C90-8247-4D6B-AD77-93CDF772DB90}.Debug|Any CPU.ActiveCfg = Debug|Any CPU
		{AF0A6C90-8247-4D6B-AD77-93CDF772DB90}.Debug|Any CPU.Build.0 = Debug|Any CPU
		{AF0A6C90-8247-4D6B-AD77-93CDF772DB90}.Release|Any CPU.ActiveCfg = Release|Any CPU
		{AF0A6C90-8247-4D6B-AD77-93CDF772DB90}.Release|Any CPU.Build.0 = Release|Any CPU
		{9C28B61B-1346-4AF2-B6FE-A217CE3258BF}.Debug|Any CPU.ActiveCfg = Debug|Any CPU
		{9C28B61B-1346-4AF2-B6FE-A217CE3258BF}.Debug|Any CPU.Build.0 = Debug|Any CPU
		{9C28B61B-1346-4AF2-B6FE-A217CE3258BF}.Release|Any CPU.ActiveCfg = Release|Any CPU
		{9C28B61B-1346-4AF2-B6FE-A217CE3258BF}.Release|Any CPU.Build.0 = Release|Any CPU
		{56A8906A-23D5-455B-BFCB-086B964CF6DB}.Debug|Any CPU.ActiveCfg = Debug|Any CPU
		{56A8906A-23D5-455B-BFCB-086B964CF6DB}.Debug|Any CPU.Build.0 = Debug|Any CPU
		{56A8906A-23D5-455B-BFCB-086B964CF6DB}.Release|Any CPU.ActiveCfg = Release|Any CPU
		{56A8906A-23D5-455B-BFCB-086B964CF6DB}.Release|Any CPU.Build.0 = Release|Any CPU
		{D1E8A9F0-3D4E-4A10-B6AA-2B3C44F5AA01}.Debug|Any CPU.ActiveCfg = Debug|Any CPU
		{D1E8A9F0-3D4E-4A10-B6AA-2B3C44F5AA01}.Debug|Any CPU.Build.0 = Debug|Any CPU
		{D1E8A9F0-3D4E-4A10-B6AA-2B3C44F5AA01}.Release|Any CPU.ActiveCfg = Release|Any CPU
		{D1E8A9F0-3D4E-4A10-B6AA-2B3C44F5AA01}.Release|Any CPU.Build.0 = Release|Any CPU
	EndGlobalSection
	GlobalSection(NestedProjects) = preSolution
		{B1000001-0000-0000-0000-000000000001} = {A1B2C3D4-0001-0000-0000-000000000001}
		{B1000002-0000-0000-0000-000000000001} = {A1B2C3D4-0001-0000-0000-000000000001}
		{B1000003-0000-0000-0000-000000000001} = {A1B2C3D4-0001-0000-0000-000000000001}
		{B1000004-0000-0000-0000-000000000001} = {A1B2C3D4-0001-0000-0000-000000000001}
		{B1000005-0000-0000-0000-000000000001} = {A1B2C3D4-0001-0000-0000-000000000001}
		{B1000006-0000-0000-0000-000000000001} = {A1B2C3D4-0001-0000-0000-000000000001}
		{B1000007-0000-0000-0000-000000000001} = {A1B2C3D4-0001-0000-0000-000000000001}
		{C1000001-0000-0000-0000-000000000001} = {A1B2C3D4-0002-0000-0000-000000000001}
		{C1000002-0000-0000-0000-000000000001} = {A1B2C3D4-0002-0000-0000-000000000001}
		{C1000003-0000-0000-0000-000000000001} = {A1B2C3D4-0002-0000-0000-000000000001}
		{C1000004-0000-0000-0000-000000000001} = {A1B2C3D4-0002-0000-0000-000000000001}
		{AF0A6C90-8247-4D6B-AD77-93CDF772DB90} = {A1B2C3D4-0002-0000-0000-000000000001}
		{9C28B61B-1346-4AF2-B6FE-A217CE3258BF} = {A1B2C3D4-0001-0000-0000-000000000001}
		{56A8906A-23D5-455B-BFCB-086B964CF6DB} = {A1B2C3D4-0001-0000-0000-000000000001}
		{D1E8A9F0-3D4E-4A10-B6AA-2B3C44F5AA01} = {A1B2C3D4-0001-0000-0000-000000000001}
	EndGlobalSection
EndGlobal
